
Microsoft Visual Studio Solution File, Format Version 12.00
# Visual Studio 15
VisualStudioVersion = 15.0.27004.2002
MinimumVisualStudioVersion = 10.0.40219.1
Project("{FAE04EC0-301F-11D3-BF4B-00C04F79EFBC}") = "GameServer", "GameServer\GameServer.csproj", "{A181F198-3ABC-4E11-9B0C-A5D02D8CC159}"
EndProject
Global
	GlobalSection(SolutionConfigurationPlatforms) = preSolution
		Debug|Any CPU = Debug|Any CPU
		Release|Any CPU = Release|Any CPU
	EndGlobalSection
	GlobalSection(ProjectConfigurationPlatforms) = postSolution
		{A181F198-3ABC-4E11-9B0C-A5D02D8CC159}.Debug|Any CPU.ActiveCfg = Debug|Any CPU
		{A181F198-3ABC-4E11-9B0C-A5D02D8CC159}.Debug|Any CPU.Build.0 = Debug|Any CPU
		{A181F198-3ABC-4E11-9B0C-A5D02D8CC159}.Release|Any CPU.ActiveCfg = Release|Any CPU
		{A181F198-3ABC-4E11-9B0C-A5D02D8CC159}.Release|Any CPU.Build.0 = Release|Any CPU
	EndGlobalSection
	GlobalSection(SolutionProperties) = preSolution
		HideSolutionNode = FALSE
	EndGlobalSection
	GlobalSection(ExtensibilityGlobals) = postSolution
		SolutionGuid = {FE7C33AD-C119-40EB-B4B4-D90D4E659220}
	EndGlobalSection
EndGlobal
